
Microsoft Visual Studio Solution File, Format Version 12.00
# Visual Studio Version 17
VisualStudioVersion = 17.0.31912.275
MinimumVisualStudioVersion = 10.0.40219.1
Project("{FAE04EC0-301F-11D3-BF4B-00C04F79EFBC}") = "settings-saver", "settings-saver\settings-saver.csproj", "{3CF546DC-9D67-457C-A93A-13EB3C8ABE7D}"
EndProject
Global
	GlobalSection(SolutionConfigurationPlatforms) = preSolution
		Debug|Any CPU = Debug|Any CPU
		Release|Any CPU = Release|Any CPU
	EndGlobalSection
	GlobalSection(ProjectConfigurationPlatforms) = postSolution
		{3CF546DC-9D67-457C-A93A-13EB3C8ABE7D}.Debug|Any CPU.ActiveCfg = Debug|Any CPU
		{3CF546DC-9D67-457C-A93A-13EB3C8ABE7D}.Debug|Any CPU.Build.0 = Debug|Any CPU
		{3CF546DC-9D67-457C-A93A-13EB3C8ABE7D}.Release|Any CPU.ActiveCfg = Release|Any CPU
		{3CF546DC-9D67-457C-A93A-13EB3C8ABE7D}.Release|Any CPU.Build.0 = Release|Any CPU
	EndGlobalSection
	GlobalSection(SolutionProperties) = preSolution
		HideSolutionNode = FALSE
	EndGlobalSection
	GlobalSection(ExtensibilityGlobals) = postSolution
		SolutionGuid = {53D0D811-8602-413D-ABB8-A0C0E7EFC5CA}
	EndGlobalSection
EndGlobal
